
Microsoft Visual Studio Solution File, Format Version 12.00
# Visual Studio 15
VisualStudioVersion = 15.0.28307.960
MinimumVisualStudioVersion = 10.0.40219.1
Project("{FAE04EC0-301F-11D3-BF4B-00C04F79EFBC}") = "EnquireCodeProblems", "EnquireCodeProblems\EnquireCodeProblems.csproj", "{918FB201-B6AA-41DA-9551-C7556C18EA6F}"
EndProject
Project("{FAE04EC0-301F-11D3-BF4B-00C04F79EFBC}") = "EnquireCodeProblemTests", "EnquireCodeProblemTests\EnquireCodeProblemTests.csproj", "{8343BEB6-130F-4A6C-8AA6-2DE68E55E21E}"
EndProject
Global
	GlobalSection(SolutionConfigurationPlatforms) = preSolution
		Debug|Any CPU = Debug|Any CPU
		Release|Any CPU = Release|Any CPU
	EndGlobalSection
	GlobalSection(ProjectConfigurationPlatforms) = postSolution
		{918FB201-B6AA-41DA-9551-C7556C18EA6F}.Debug|Any CPU.ActiveCfg = Debug|Any CPU
		{918FB201-B6AA-41DA-9551-C7556C18EA6F}.Debug|Any CPU.Build.0 = Debug|Any CPU
		{918FB201-B6AA-41DA-9551-C7556C18EA6F}.Release|Any CPU.ActiveCfg = Release|Any CPU
		{918FB201-B6AA-41DA-9551-C7556C18EA6F}.Release|Any CPU.Build.0 = Release|Any CPU
		{8343BEB6-130F-4A6C-8AA6-2DE68E55E21E}.Debug|Any CPU.ActiveCfg = Debug|Any CPU
		{8343BEB6-130F-4A6C-8AA6-2DE68E55E21E}.Debug|Any CPU.Build.0 = Debug|Any CPU
		{8343BEB6-130F-4A6C-8AA6-2DE68E55E21E}.Release|Any CPU.ActiveCfg = Release|Any CPU
		{8343BEB6-130F-4A6C-8AA6-2DE68E55E21E}.Release|Any CPU.Build.0 = Release|Any CPU
	EndGlobalSection
	GlobalSection(SolutionProperties) = preSolution
		HideSolutionNode = FALSE
	EndGlobalSection
	GlobalSection(ExtensibilityGlobals) = postSolution
		SolutionGuid = {91452BAA-85BD-4EB3-B2BB-58C01B7BBA02}
	EndGlobalSection
EndGlobal
